
Microsoft Visual Studio Solution File, Format Version 12.00
Project("{FAE04EC0-301F-11D3-BF4B-00C04F79EFBC}") = "WebApplication1", "WebApplication1\WebApplication1.csproj", "{360C9701-4324-4A87-84DB-2884584D243B}"
EndProject
Global
	GlobalSection(SolutionConfigurationPlatforms) = preSolution
		Debug|Any CPU = Debug|Any CPU
		Release|Any CPU = Release|Any CPU
	EndGlobalSection
	GlobalSection(ProjectConfigurationPlatforms) = postSolution
		{360C9701-4324-4A87-84DB-2884584D243B}.Debug|Any CPU.ActiveCfg = Debug|Any CPU
		{360C9701-4324-4A87-84DB-2884584D243B}.Debug|Any CPU.Build.0 = Debug|Any CPU
		{360C9701-4324-4A87-84DB-2884584D243B}.Release|Any CPU.ActiveCfg = Release|Any CPU
		{360C9701-4324-4A87-84DB-2884584D243B}.Release|Any CPU.Build.0 = Release|Any CPU
	EndGlobalSection
EndGlobal
